Microsoft Visual Studio Solution File, Format Version 8.00
Project("{8BC9CEB8-8B4A-11D0-8D11-00A0C91BC942}") = "IFSStress", "IFSStress.vcproj", "{DE0A311F-A7AA-4DAE-8613-878A54208082}"
	ProjectSection(ProjectDependencies) = postProject
	EndProjectSection
EndProject
Global
	GlobalSection(SourceCodeControl) = preSolution
		SccNumberOfProjects = 2
		SccLocalPath0 = .
		CanCheckoutShared = true
		SolutionUniqueID = {2C432A4D-3BF9-4946-B3D8-BB79290BFA46}
		SccProjectUniqueName1 = IFSStress.vcproj
		SccLocalPath1 = .
		CanCheckoutShared = true
	EndGlobalSection
	GlobalSection(SolutionConfiguration) = preSolution
		Debug = Debug
		Release = Release
	EndGlobalSection
	GlobalSection(ProjectConfiguration) = postSolution
		{DE0A311F-A7AA-4DAE-8613-878A54208082}.Debug.ActiveCfg = Debug|Win32
		{DE0A311F-A7AA-4DAE-8613-878A54208082}.Debug.Build.0 = Debug|Win32
		{DE0A311F-A7AA-4DAE-8613-878A54208082}.Release.ActiveCfg = Release|Win32
		{DE0A311F-A7AA-4DAE-8613-878A54208082}.Release.Build.0 = Release|Win32
	EndGlobalSection
	GlobalSection(ExtensibilityGlobals) = postSolution
	EndGlobalSection
	GlobalSection(ExtensibilityAddIns) = postSolution
	EndGlobalSection
EndGlobal
