Microsoft Visual Studio Solution File, Format Version 8.00
Project("{8BC9CEB8-8B4A-11D0-8D11-00A0C91BC942}") = "AgentTestTools", "AgentTestTools.vcproj", "{365A6B53-518D-4138-A58F-E85CC47AAD08}"
	ProjectSection(ProjectDependencies) = postProject
	EndProjectSection
EndProject
Global
	GlobalSection(SourceCodeControl) = preSolution
		SccNumberOfProjects = 2
		SccLocalPath0 = .
		CanCheckoutShared = true
		SolutionUniqueID = {26455E2A-5C6F-46D5-ADDB-B53A21B209B5}
		SccProjectUniqueName1 = AgentTestTools.vcproj
		SccLocalPath1 = .
		CanCheckoutShared = true
	EndGlobalSection
	GlobalSection(SolutionConfiguration) = preSolution
		Debug = Debug
		Release = Release
	EndGlobalSection
	GlobalSection(ProjectConfiguration) = postSolution
		{365A6B53-518D-4138-A58F-E85CC47AAD08}.Debug.ActiveCfg = Debug|Win32
		{365A6B53-518D-4138-A58F-E85CC47AAD08}.Debug.Build.0 = Debug|Win32
		{365A6B53-518D-4138-A58F-E85CC47AAD08}.Release.ActiveCfg = Release|Win32
		{365A6B53-518D-4138-A58F-E85CC47AAD08}.Release.Build.0 = Release|Win32
	EndGlobalSection
	GlobalSection(ExtensibilityGlobals) = postSolution
	EndGlobalSection
	GlobalSection(ExtensibilityAddIns) = postSolution
	EndGlobalSection
EndGlobal
